// !$*UTF8*$!
{
	archiveVersion = 1;
	classes = {
	};
	objectVersion = 46;
	objects = {

/* Begin PBXBuildFile section */
		642D65951EEEAB8E008F645D /* AppDelegate.swift in Sources */ = {isa = PBXBuildFile; fileRef = 642D65941EEEAB8E008F645D /* AppDelegate.swift */; };
		642D65971EEEAB8E008F645D /* ViewController.swift in Sources */ = {isa = PBXBuildFile; fileRef = 642D65961EEEAB8E008F645D /* ViewController.swift */; };
		642D659A1EEEAB8E008F645D /* Main.storyboard in Resources */ = {isa = PBXBuildFile; fileRef = 642D65981EEEAB8E008F645D /* Main.storyboard */; };
		642D659C1EEEAB8E008F645D /* Assets.xcassets in Resources */ = {isa = PBXBuildFile; fileRef = 642D659B1EEEAB8E008F645D /* Assets.xcassets */; };
		642D659F1EEEAB8E008F645D /* LaunchScreen.storyboard in Resources */ = {isa = PBXBuildFile; fileRef = 642D659D1EEEAB8E008F645D /* LaunchScreen.storyboard */; };
/* End PBXBuildFile section */

/* Begin PBXFileReference section */
		642D65911EEEAB8E008F645D /* YingKe.app */ = {isa = PBXFileReference; explicitFileType = wrapper.application; includeInIndex = 0; path = YingKe.app; sourceTree = BUILT_PRODUCTS_DIR; };
		642D65941EEEAB8E008F645D /* AppDelegate.swift */ = {isa = PBXFileReference; lastKnownFileType = sourcecode.swift; path = AppDelegate.swift; sourceTree = "<group>"; };
		642D65961EEEAB8E008F645D /* ViewController.swift */ = {isa = PBXFileReference; lastKnownFileType = sourcecode.swift; path = ViewController.swift; sourceTree = "<group>"; };
		642D65991EEEAB8E008F645D /* Base */ = {isa = PBXFileReference; lastKnownFileType = file.storyboard; name = Base; path = Base.lproj/Main.storyboard; sourceTree = "<group>"; };
		642D659B1EEEAB8E008F645D /* Assets.xcassets */ = {isa = PBXFileReference; lastKnownFileType = folder.assetcatalog; path = Assets.xcassets; sourceTree = "<group>"; };
		642D659E1EEEAB8E008F645D /* Base */ = {isa = PBXFileReference; lastKnownFileType = file.storyboard; name = Base; path = Base.lproj/LaunchScreen.storyboard; sourceTree = "<group>"; };
		642D65A01EEEAB8E008F645D /* Info.plist */ = {isa = PBXFileReference; lastKnownFileType = text.plist.xml; path = Info.plist; sourceTree = "<group>"; };
/* End PBXFileReference section */

/* Begin PBXFrameworksBuildPhase section */
		642D658E1EEEAB8E008F645D /* Frameworks */ = {
			isa = PBXFrameworksBuildPhase;
			buildActionMask = 2147483647;
			files = (
			);
			runOnlyForDeploymentPostprocessing = 0;
		};
/* End PBXFrameworksBuildPhase section */

/* Begin PBXGroup section */
		642D65881EEEAB8E008F645D = {
			isa = PBXGroup;
			children = (
				642D65931EEEAB8E008F645D /* YingKe */,
				642D65921EEEAB8E008F645D /* Products */,
			);
			sourceTree = "<group>";
		};
		642D65921EEEAB8E008F645D /* Products */ = {
			isa = PBXGroup;
			children = (
				642D65911EEEAB8E008F645D /* YingKe.app */,
			);
			name = Products;
			sourceTree = "<group>";
		};
		642D65931EEEAB8E008F645D /* YingKe */ = {
			isa = PBXGroup;
			children = (
				642D65941EEEAB8E008F645D /* AppDelegate.swift */,
				642D65961EEEAB8E008F645D /* ViewController.swift */,
				642D65981EEEAB8E008F645D /* Main.storyboard */,
				642D659B1EEEAB8E008F645D /* Assets.xcassets */,
				642D659D1EEEAB8E008F645D /* LaunchScreen.storyboard */,
				642D65A01EEEAB8E008F645D /* Info.plist */,
			);
			path = YingKe;
			sourceTree = "<group>";
		};
/* End PBXGroup section */

/* Begin PBXNativeTarget section */
		642D65901EEEAB8E008F645D /* YingKe */ = {
			isa = PBXNativeTarget;
			buildConfigurationList = 642D65A31EEEAB8E008F645D /* Build configuration list for PBXNativeTarget "YingKe" */;
			buildPhases = (
				642D658D1EEEAB8E008F645D /* Sources */,
				642D658E1EEEAB8E008F645D /* Frameworks */,
				642D658F1EEEAB8E008F645D /* Resources */,
			);
			buildRules = (
			);
			dependencies = (
			);
			name = YingKe;
			productName = YingKe;
			productReference = 642D65911EEEAB8E008F645D /* YingKe.app */;
			productType = "com.apple.product-type.application";
		};
/* End PBXNativeTarget section */

/* Begin PBXProject section */
		642D65891EEEAB8E008F645D /* Project object */ = {
			isa = PBXProject;
			attributes = {
				LastSwiftUpdateCheck = 0820;
				LastUpgradeCheck = 0820;
				ORGANIZATIONNAME = "邓康大";
				TargetAttributes = {
					642D65901EEEAB8E008F645D = {
						CreatedOnToolsVersion = 8.2.1;
						ProvisioningStyle = Automatic;
					};
				};
			};
			buildConfigurationList = 642D658C1EEEAB8E008F645D /* Build configuration list for PBXProject "YingKe" */;
			compatibilityVersion = "Xcode 3.2";
			developmentRegion = English;
			hasScannedForEncodings = 0;
			knownRegions = (
				en,
				Base,
			);
			mainGroup = 642D65881EEEAB8E008F645D;
			productRefGroup = 642D65921EEEAB8E008F645D /* Products */;
			projectDirPath = "";
			projectRoot = "";
			targets = (
				642D65901EEEAB8E008F645D /* YingKe */,
			);
		};
/* End PBXProject section */

/* Begin PBXResourcesBuildPhase section */
		642D658F1EEEAB8E008F645D /* Resources */ = {
			isa = PBXResourcesBuildPhase;
			buildActionMask = 2147483647;
			files = (
				642D659F1EEEAB8E008F645D /* LaunchScreen.storyboard in Resources */,
				642D659C1EEEAB8E008F645D /* Assets.xcassets in Resources */,
				642D659A1EEEAB8E008F645D /* Main.storyboard in Resources */,
			);
			runOnlyForDeploymentPostprocessing = 0;
		};
/* End PBXResourcesBuildPhase section */

/* Begin PBXSourcesBuildPhase section */
		642D658D1EEEAB8E008F645D /* Sources */ = {
			isa = PBXSourcesBuildPhase;
			buildActionMask = 2147483647;
			files = (
				642D65971EEEAB8E008F645D /* ViewController.swift in Sources */,
				642D65951EEEAB8E008F645D /* AppDelegate.swift in Sources */,
			);
			runOnlyForDeploymentPostprocessing = 0;
		};
/* End PBXSourcesBuildPhase section */

/* Begin PBXVariantGroup section */
		642D65981EEEAB8E008F645D /* Main.storyboard */ = {
			isa = PBXVariantGroup;
			children = (
				642D65991EEEAB8E008F645D /* Base */,
			);
			name = Main.storyboard;
			sourceTree = "<group>";
		};
		642D659D1EEEAB8E008F645D /* LaunchScreen.storyboard */ = {
			isa = PBXVariantGroup;
			children = (
				642D659E1EEEAB8E008F645D /* Base */,
			);
			name = LaunchScreen.storyboard;
			sourceTree = "<group>";
		};
/* End PBXVariantGroup section */

/* Begin XCBuildConfiguration section */
		642D65A11EEEAB8E008F645D /* Debug */ = {
			isa = XCBuildConfiguration;
			buildSettings = {
				ALWAYS_SEARCH_USER_PATHS = NO;
				CLANG_ANALYZER_NONNULL = YES;
				CLANG_CXX_LANGUAGE_STANDARD = "gnu++0x";
				CLANG_CXX_LIBRARY = "libc++";
				CLANG_ENABLE_MODULES = YES;
				CLANG_ENABLE_OBJC_ARC = YES;
				CLANG_WARN_BOOL_CONVERSION = YES;
				CLANG_WARN_CONSTANT_CONVERSION = YES;
				CLANG_WARN_DIRECT_OBJC_ISA_USAGE = YES_ERROR;
				CLANG_WARN_DOCUMENTATION_COMMENTS = YES;
				CLANG_WARN_EMPTY_BODY = YES;
				CLANG_WARN_ENUM_CONVERSION = YES;
				CLANG_WARN_INFINITE_RECURSION = YES;
				CLANG_WARN_INT_CONVERSION = YES;
				CLANG_WARN_OBJC_ROOT_CLASS = YES_ERROR;
				CLANG_WARN_SUSPICIOUS_MOVE = YES;
				CLANG_WARN_UNREACHABLE_CODE = YES;
				CLANG_WARN__DUPLICATE_METHOD_MATCH = YES;
				"CODE_SIGN_IDENTITY[sdk=iphoneos*]" = "iPhone Developer";
				COPY_PHASE_STRIP = NO;
				DEBUG_INFORMATION_FORMAT = dwarf;
				ENABLE_STRICT_OBJC_MSGSEND = YES;
				ENABLE_TESTABILITY = YES;
				GCC_C_LANGUAGE_STANDARD = gnu99;
				GCC_DYNAMIC_NO_PIC = NO;
				GCC_NO_COMMON_BLOCKS = YES;
				GCC_OPTIMIZATION_LEVEL = 0;
				GCC_PREPROCESSOR_DEFINITIONS = (
					"DEBUG=1",
					"$(inherited)",
				);
				GCC_WARN_64_TO_32_BIT_CONVERSION = YES;
				GCC_WARN_ABOUT_RETURN_TYPE = YES_ERROR;
				GCC_WARN_UNDECLARED_SELECTOR = YES;
				GCC_WARN_UNINITIALIZED_AUTOS = YES_AGGRESSIVE;
				GCC_WARN_UNUSED_FUNCTION = YES;
				GCC_WARN_UNUSED_VARIABLE = YES;
				IPHONEOS_DEPLOYMENT_TARGET = 10.2;
				MTL_ENABLE_DEBUG_INFO = YES;
				ONLY_ACTIVE_ARCH = YES;
				SDKROOT = iphoneos;
				SWIFT_ACTIVE_COMPILATION_CONDITIONS = DEBUG;
				SWIFT_OPTIMIZATION_LEVEL = "-Onone";
			};
			name = Debug;
		};
		642D65A21EEEAB8E008F645D /* Release */ = {
			isa = XCBuildConfiguration;
			buildSettings = {
				ALWAYS_SEARCH_USER_PATHS = NO;
				CLANG_ANALYZER_NONNULL = YES;
				CLANG_CXX_LANGUAGE_STANDARD = "gnu++0x";
				CLANG_CXX_LIBRARY = "libc++";
				CLANG_ENABLE_MODULES = YES;
				CLANG_ENABLE_OBJC_ARC = YES;
				CLANG_WARN_BOOL_CONVERSION = YES;
				CLANG_WARN_CONSTANT_CONVERSION = YES;
				CLANG_WARN_DIRECT_OBJC_ISA_USAGE = YES_ERROR;
				CLANG_WARN_DOCUMENTATION_COMMENTS = YES;
				CLANG_WARN_EMPTY_BODY = YES;
				CLANG_WARN_ENUM_CONVERSION = YES;
				CLANG_WARN_INFINITE_RECURSION = YES;
				CLANG_WARN_INT_CONVERSION = YES;
				CLANG_WARN_OBJC_ROOT_CLASS = YES_ERROR;
				CLANG_WARN_SUSPICIOUS_MOVE = YES;
				CLANG_WARN_UNREACHABLE_CODE = YES;
				CLANG_WARN__DUPLICATE_METHOD_MATCH = YES;
				"CODE_SIGN_IDENTITY[sdk=iphoneos*]" = "iPhone Developer";
				COPY_PHASE_STRIP = NO;
				DEBUG_INFORMATION_FORMAT = "dwarf-with-dsym";
				ENABLE_NS_ASSERTIONS = NO;
				ENABLE_STRICT_OBJC_MSGSEND = YES;
				GCC_C_LANGUAGE_STANDARD = gnu99;
				GCC_NO_COMMON_BLOCKS = YES;
				GCC_WARN_64_TO_32_BIT_CONVERSION = YES;
				GCC_WARN_ABOUT_RETURN_TYPE = YES_ERROR;
				GCC_WARN_UNDECLARED_SELECTOR = YES;
				GCC_WARN_UNINITIALIZED_AUTOS = YES_AGGRESSIVE;
				GCC_WARN_UNUSED_FUNCTION = YES;
				GCC_WARN_UNUSED_VARIABLE = YES;
				IPHONEOS_DEPLOYMENT_TARGET = 10.2;
				MTL_ENABLE_DEBUG_INFO = NO;
				SDKROOT = iphoneos;
				SWIFT_OPTIMIZATION_LEVEL = "-Owholemodule";
				VALIDATE_PRODUCT = YES;
			};
			name = Release;
		};
		642D65A41EEEAB8E008F645D /* Debug */ = {
			isa = XCBuildConfiguration;
			buildSettings = {
				ASSETCATALOG_COMPILER_APPICON_NAME = AppIcon;
				INFOPLIST_FILE = YingKe/Info.plist;
				LD_RUNPATH_SEARCH_PATHS = "$(inherited) @executable_path/Frameworks";
				PRODUCT_BUNDLE_IDENTIFIER = site.shimizu.www.YingKe;
				PRODUCT_NAME = "$(TARGET_NAME)";
				SWIFT_VERSION = 3.0;
			};
			name = Debug;
		};
		642D65A51EEEAB8E008F645D /* Release */ = {
			isa = XCBuildConfiguration;
			buildSettings = {
				ASSETCATALOG_COMPILER_APPICON_NAME = AppIcon;
				INFOPLIST_FILE = YingKe/Info.plist;
				LD_RUNPATH_SEARCH_PATHS = "$(inherited) @executable_path/Frameworks";
				PRODUCT_BUNDLE_IDENTIFIER = site.shimizu.www.YingKe;
				PRODUCT_NAME = "$(TARGET_NAME)";
				SWIFT_VERSION = 3.0;
			};
			name = Release;
		};
/* End XCBuildConfiguration section */

/* Begin XCConfigurationList section */
		642D658C1EEEAB8E008F645D /* Build configuration list for PBXProject "YingKe" */ = {
			isa = XCConfigurationList;
			buildConfigurations = (
				642D65A11EEEAB8E008F645D /* Debug */,
				642D65A21EEEAB8E008F645D /* Release */,
			);
			defaultConfigurationIsVisible = 0;
			defaultConfigurationName = Release;
		};
		642D65A31EEEAB8E008F645D /* Build configuration list for PBXNativeTarget "YingKe" */ = {
			isa = XCConfigurationList;
			buildConfigurations = (
				642D65A41EEEAB8E008F645D /* Debug */,
				642D65A51EEEAB8E008F645D /* Release */,
			);
			defaultConfigurationIsVisible = 0;
		};
/* End XCConfigurationList section */
	};
	rootObject = 642D65891EEEAB8E008F645D /* Project object */;
}
